<Solution>
  <Project Path="API/API.csproj" />
  <Project Path="Application Contract/Application Contract.csproj" />
  <Project Path="Application/Application.csproj" />
  <Project Path="Domain/Domain.csproj" />
  <Project Path="Infrastructure/Infrastructure.csproj" />
  <Project Path="Persistence/Persistence.csproj" />
  <Project Path="UI/UI/UI.csproj" />
</Solution>
